// !$*UTF8*$!
{
	archiveVersion = 1;
	classes = {
	};
	objectVersion = 77;
	objects = {

/* Begin PBXBuildFile section */
		64A2FFF12E500AAA00000001 /* Sparkle in Frameworks */ = {isa = PBXBuildFile; productRef = 64A2FFF32E500AAA00000003 /* Sparkle */; };
/* End PBXBuildFile section */

/* Begin PBXContainerItemProxy section */
		645131172E48127E0011E325 /* PBXContainerItemProxy */ = {
			isa = PBXContainerItemProxy;
			containerPortal = 645131002E48127C0011E325 /* Project object */;
			proxyType = 1;
			remoteGlobalIDString = 645131072E48127C0011E325;
			remoteInfo = weaver;
		};
		645131212E48127E0011E325 /* PBXContainerItemProxy */ = {
			isa = PBXContainerItemProxy;
			containerPortal = 645131002E48127C0011E325 /* Project object */;
			proxyType = 1;
			remoteGlobalIDString = 645131072E48127C0011E325;
			remoteInfo = weaver;
		};
/* End PBXContainerItemProxy section */

/* Begin PBXFileReference section */
		645131082E48127C0011E325 /* weaver.app */ = {isa = PBXFileReference; explicitFileType = wrapper.application; includeInIndex = 0; path = weaver.app; sourceTree = BUILT_PRODUCTS_DIR; };
		645131162E48127E0011E325 /* weaverTests.xctest */ = {isa = PBXFileReference; explicitFileType = wrapper.cfbundle; includeInIndex = 0; path = weaverTests.xctest; sourceTree = BUILT_PRODUCTS_DIR; };
		645131202E48127E0011E325 /* weaverUITests.xctest */ = {isa = PBXFileReference; explicitFileType = wrapper.cfbundle; includeInIndex = 0; path = weaverUITests.xctest; sourceTree = BUILT_PRODUCTS_DIR; };
/* End PBXFileReference section */

/* Begin PBXFileSystemSynchronizedRootGroup section */
		6451310A2E48127C0011E325 /* weaver */ = {
			isa = PBXFileSystemSynchronizedRootGroup;
			path = weaver;
			sourceTree = "<group>";
		};
		645131192E48127E0011E325 /* weaverTests */ = {
			isa = PBXFileSystemSynchronizedRootGroup;
			path = weaverTests;
			sourceTree = "<group>";
		};
		645131232E48127E0011E325 /* weaverUITests */ = {
			isa = PBXFileSystemSynchronizedRootGroup;
			path = weaverUITests;
			sourceTree = "<group>";
		};
/* End PBXFileSystemSynchronizedRootGroup section */

/* Begin PBXFrameworksBuildPhase section */
		645131052E48127C0011E325 /* Frameworks */ = {
			isa = PBXFrameworksBuildPhase;
			buildActionMask = 2147483647;
			files = (
				64A2FFF12E500AAA00000001 /* Sparkle in Frameworks */,
			);
			runOnlyForDeploymentPostprocessing = 0;
		};
		645131132E48127E0011E325 /* Frameworks */ = {
			isa = PBXFrameworksBuildPhase;
			buildActionMask = 2147483647;
			files = (
			);
			runOnlyForDeploymentPostprocessing = 0;
		};
		6451311D2E48127E0011E325 /* Frameworks */ = {
			isa = PBXFrameworksBuildPhase;
			buildActionMask = 2147483647;
			files = (
			);
			runOnlyForDeploymentPostprocessing = 0;
		};
/* End PBXFrameworksBuildPhase section */

/* Begin PBXGroup section */
		645130FF2E48127C0011E325 = {
			isa = PBXGroup;
			children = (
				6451310A2E48127C0011E325 /* weaver */,
				645131192E48127E0011E325 /* weaverTests */,
				645131232E48127E0011E325 /* weaverUITests */,
				645131092E48127C0011E325 /* Products */,
			);
			sourceTree = "<group>";
		};
		645131092E48127C0011E325 /* Products */ = {
			isa = PBXGroup;
			children = (
				645131082E48127C0011E325 /* weaver.app */,
				645131162E48127E0011E325 /* weaverTests.xctest */,
				645131202E48127E0011E325 /* weaverUITests.xctest */,
			);
			name = Products;
			sourceTree = "<group>";
		};
/* End PBXGroup section */

/* Begin PBXNativeTarget section */
		645131072E48127C0011E325 /* weaver */ = {
			isa = PBXNativeTarget;
			buildConfigurationList = 6451312A2E48127E0011E325 /* Build configuration list for PBXNativeTarget "weaver" */;
			buildPhases = (
				645131042E48127C0011E325 /* Sources */,
				645131052E48127C0011E325 /* Frameworks */,
				645131062E48127C0011E325 /* Resources */,
			);
			buildRules = (
			);
			dependencies = (
			);
			fileSystemSynchronizedGroups = (
				6451310A2E48127C0011E325 /* weaver */,
			);
			name = weaver;
			packageProductDependencies = (
				64A2FFF32E500AAA00000003 /* Sparkle */,
			);
			productName = weaver;
			productReference = 645131082E48127C0011E325 /* weaver.app */;
			productType = "com.apple.product-type.application";
		};
		645131152E48127E0011E325 /* weaverTests */ = {
			isa = PBXNativeTarget;
			buildConfigurationList = 6451312D2E48127E0011E325 /* Build configuration list for PBXNativeTarget "weaverTests" */;
			buildPhases = (
				645131122E48127E0011E325 /* Sources */,
				645131132E48127E0011E325 /* Frameworks */,
				645131142E48127E0011E325 /* Resources */,
			);
			buildRules = (
			);
			dependencies = (
				645131182E48127E0011E325 /* PBXTargetDependency */,
			);
			fileSystemSynchronizedGroups = (
				645131192E48127E0011E325 /* weaverTests */,
			);
			name = weaverTests;
			packageProductDependencies = (
			);
			productName = weaverTests;
			productReference = 645131162E48127E0011E325 /* weaverTests.xctest */;
			productType = "com.apple.product-type.bundle.unit-test";
		};
		6451311F2E48127E0011E325 /* weaverUITests */ = {
			isa = PBXNativeTarget;
			buildConfigurationList = 645131302E48127E0011E325 /* Build configuration list for PBXNativeTarget "weaverUITests" */;
			buildPhases = (
				6451311C2E48127E0011E325 /* Sources */,
				6451311D2E48127E0011E325 /* Frameworks */,
				6451311E2E48127E0011E325 /* Resources */,
			);
			buildRules = (
			);
			dependencies = (
				645131222E48127E0011E325 /* PBXTargetDependency */,
			);
			fileSystemSynchronizedGroups = (
				645131232E48127E0011E325 /* weaverUITests */,
			);
			name = weaverUITests;
			packageProductDependencies = (
			);
			productName = weaverUITests;
			productReference = 645131202E48127E0011E325 /* weaverUITests.xctest */;
			productType = "com.apple.product-type.bundle.ui-testing";
		};
/* End PBXNativeTarget section */

/* Begin PBXProject section */
		645131002E48127C0011E325 /* Project object */ = {
			isa = PBXProject;
			attributes = {
				BuildIndependentTargetsInParallel = 1;
				LastSwiftUpdateCheck = 1640;
				LastUpgradeCheck = 1640;
				TargetAttributes = {
					645131072E48127C0011E325 = {
						CreatedOnToolsVersion = 16.4;
					};
					645131152E48127E0011E325 = {
						CreatedOnToolsVersion = 16.4;
						TestTargetID = 645131072E48127C0011E325;
					};
					6451311F2E48127E0011E325 = {
						CreatedOnToolsVersion = 16.4;
						TestTargetID = 645131072E48127C0011E325;
					};
				};
			};
			buildConfigurationList = 645131032E48127C0011E325 /* Build configuration list for PBXProject "weaver" */;
			developmentRegion = en;
			hasScannedForEncodings = 0;
			knownRegions = (
				en,
				Base,
			);
			mainGroup = 645130FF2E48127C0011E325;
			minimizedProjectReferenceProxies = 1;
			packageReferences = (
				64A2FFF22E500AAA00000002 /* XCRemoteSwiftPackageReference "Sparkle" */,
			);
			preferredProjectObjectVersion = 77;
			productRefGroup = 645131092E48127C0011E325 /* Products */;
			projectDirPath = "";
			projectRoot = "";
			targets = (
				645131072E48127C0011E325 /* weaver */,
				645131152E48127E0011E325 /* weaverTests */,
				6451311F2E48127E0011E325 /* weaverUITests */,
			);
		};
/* End PBXProject section */

/* Begin PBXResourcesBuildPhase section */
		645131062E48127C0011E325 /* Resources */ = {
			isa = PBXResourcesBuildPhase;
			buildActionMask = 2147483647;
			files = (
			);
			runOnlyForDeploymentPostprocessing = 0;
		};
		645131142E48127E0011E325 /* Resources */ = {
			isa = PBXResourcesBuildPhase;
			buildActionMask = 2147483647;
			files = (
			);
			runOnlyForDeploymentPostprocessing = 0;
		};
		6451311E2E48127E0011E325 /* Resources */ = {
			isa = PBXResourcesBuildPhase;
			buildActionMask = 2147483647;
			files = (
			);
			runOnlyForDeploymentPostprocessing = 0;
		};
/* End PBXResourcesBuildPhase section */

/* Begin PBXSourcesBuildPhase section */
		645131042E48127C0011E325 /* Sources */ = {
			isa = PBXSourcesBuildPhase;
			buildActionMask = 2147483647;
			files = (
			);
			runOnlyForDeploymentPostprocessing = 0;
		};
		645131122E48127E0011E325 /* Sources */ = {
			isa = PBXSourcesBuildPhase;
			buildActionMask = 2147483647;
			files = (
			);
			runOnlyForDeploymentPostprocessing = 0;
		};
		6451311C2E48127E0011E325 /* Sources */ = {
			isa = PBXSourcesBuildPhase;
			buildActionMask = 2147483647;
			files = (
			);
			runOnlyForDeploymentPostprocessing = 0;
		};
/* End PBXSourcesBuildPhase section */

/* Begin PBXTargetDependency section */
		645131182E48127E0011E325 /* PBXTargetDependency */ = {
			isa = PBXTargetDependency;
			target = 645131072E48127C0011E325 /* weaver */;
			targetProxy = 645131172E48127E0011E325 /* PBXContainerItemProxy */;
		};
		645131222E48127E0011E325 /* PBXTargetDependency */ = {
			isa = PBXTargetDependency;
			target = 645131072E48127C0011E325 /* weaver */;
			targetProxy = 645131212E48127E0011E325 /* PBXContainerItemProxy */;
		};
/* End PBXTargetDependency section */

/* Begin XCBuildConfiguration section */
		645131282E48127E0011E325 /* Debug */ = {
			isa = XCBuildConfiguration;
			buildSettings = {
				ALWAYS_SEARCH_USER_PATHS = NO;
				ASSETCATALOG_COMPILER_GENERATE_SWIFT_ASSET_SYMBOL_EXTENSIONS = YES;
				CLANG_ANALYZER_NONNULL = YES;
				CLANG_ANALYZER_NUMBER_OBJECT_CONVERSION = YES_AGGRESSIVE;
				CLANG_CXX_LANGUAGE_STANDARD = "gnu++20";
				CLANG_ENABLE_MODULES = YES;
				CLANG_ENABLE_OBJC_ARC = YES;
				CLANG_ENABLE_OBJC_WEAK = YES;
				CLANG_WARN_BLOCK_CAPTURE_AUTORELEASING = YES;
				CLANG_WARN_BOOL_CONVERSION = YES;
				CLANG_WARN_COMMA = YES;
				CLANG_WARN_CONSTANT_CONVERSION = YES;
				CLANG_WARN_DEPRECATED_OBJC_IMPLEMENTATIONS = YES;
				CLANG_WARN_DIRECT_OBJC_ISA_USAGE = YES_ERROR;
				CLANG_WARN_DOCUMENTATION_COMMENTS = YES;
				CLANG_WARN_EMPTY_BODY = YES;
				CLANG_WARN_ENUM_CONVERSION = YES;
				CLANG_WARN_INFINITE_RECURSION = YES;
				CLANG_WARN_INT_CONVERSION = YES;
				CLANG_WARN_NON_LITERAL_NULL_CONVERSION = YES;
				CLANG_WARN_OBJC_IMPLICIT_RETAIN_SELF = YES;
				CLANG_WARN_OBJC_LITERAL_CONVERSION = YES;
				CLANG_WARN_OBJC_ROOT_CLASS = YES_ERROR;
				CLANG_WARN_QUOTED_INCLUDE_IN_FRAMEWORK_HEADER = YES;
				CLANG_WARN_RANGE_LOOP_ANALYSIS = YES;
				CLANG_WARN_STRICT_PROTOTYPES = YES;
				CLANG_WARN_SUSPICIOUS_MOVE = YES;
				CLANG_WARN_UNGUARDED_AVAILABILITY = YES_AGGRESSIVE;
				CLANG_WARN_UNREACHABLE_CODE = YES;
				CLANG_WARN__DUPLICATE_METHOD_MATCH = YES;
				COPY_PHASE_STRIP = NO;
				DEBUG_INFORMATION_FORMAT = dwarf;
				DEVELOPMENT_TEAM = WFZJ6KSYCZ;
				ENABLE_STRICT_OBJC_MSGSEND = YES;
				ENABLE_TESTABILITY = YES;
				ENABLE_USER_SCRIPT_SANDBOXING = YES;
				GCC_C_LANGUAGE_STANDARD = gnu17;
				GCC_DYNAMIC_NO_PIC = NO;
				GCC_NO_COMMON_BLOCKS = YES;
				GCC_OPTIMIZATION_LEVEL = 0;
				GCC_PREPROCESSOR_DEFINITIONS = (
					"DEBUG=1",
					"$(inherited)",
				);
				GCC_WARN_64_TO_32_BIT_CONVERSION = YES;
				GCC_WARN_ABOUT_RETURN_TYPE = YES_ERROR;
				GCC_WARN_UNDECLARED_SELECTOR = YES;
				GCC_WARN_UNINITIALIZED_AUTOS = YES_AGGRESSIVE;
				GCC_WARN_UNUSED_FUNCTION = YES;
				GCC_WARN_UNUSED_VARIABLE = YES;
				LOCALIZATION_PREFERS_STRING_CATALOGS = YES;
				MACOSX_DEPLOYMENT_TARGET = 15.5;
				MTL_ENABLE_DEBUG_INFO = INCLUDE_SOURCE;
				MTL_FAST_MATH = YES;
				ONLY_ACTIVE_ARCH = YES;
				SDKROOT = macosx;
				SWIFT_ACTIVE_COMPILATION_CONDITIONS = "DEBUG $(inherited)";
				SWIFT_OPTIMIZATION_LEVEL = "-Onone";
			};
			name = Debug;
		};
		645131292E48127E0011E325 /* Release */ = {
			isa = XCBuildConfiguration;
			buildSettings = {
				ALWAYS_SEARCH_USER_PATHS = NO;
				ASSETCATALOG_COMPILER_GENERATE_SWIFT_ASSET_SYMBOL_EXTENSIONS = YES;
				CLANG_ANALYZER_NONNULL = YES;
				CLANG_ANALYZER_NUMBER_OBJECT_CONVERSION = YES_AGGRESSIVE;
				CLANG_CXX_LANGUAGE_STANDARD = "gnu++20";
				CLANG_ENABLE_MODULES = YES;
				CLANG_ENABLE_OBJC_ARC = YES;
				CLANG_ENABLE_OBJC_WEAK = YES;
				CLANG_WARN_BLOCK_CAPTURE_AUTORELEASING = YES;
				CLANG_WARN_BOOL_CONVERSION = YES;
				CLANG_WARN_COMMA = YES;
				CLANG_WARN_CONSTANT_CONVERSION = YES;
				CLANG_WARN_DEPRECATED_OBJC_IMPLEMENTATIONS = YES;
				CLANG_WARN_DIRECT_OBJC_ISA_USAGE = YES_ERROR;
				CLANG_WARN_DOCUMENTATION_COMMENTS = YES;
				CLANG_WARN_EMPTY_BODY = YES;
				CLANG_WARN_ENUM_CONVERSION = YES;
				CLANG_WARN_INFINITE_RECURSION = YES;
				CLANG_WARN_INT_CONVERSION = YES;
				CLANG_WARN_NON_LITERAL_NULL_CONVERSION = YES;
				CLANG_WARN_OBJC_IMPLICIT_RETAIN_SELF = YES;
				CLANG_WARN_OBJC_LITERAL_CONVERSION = YES;
				CLANG_WARN_OBJC_ROOT_CLASS = YES_ERROR;
				CLANG_WARN_QUOTED_INCLUDE_IN_FRAMEWORK_HEADER = YES;
				CLANG_WARN_RANGE_LOOP_ANALYSIS = YES;
				CLANG_WARN_STRICT_PROTOTYPES = YES;
				CLANG_WARN_SUSPICIOUS_MOVE = YES;
				CLANG_WARN_UNGUARDED_AVAILABILITY = YES_AGGRESSIVE;
				CLANG_WARN_UNREACHABLE_CODE = YES;
				CLANG_WARN__DUPLICATE_METHOD_MATCH = YES;
				COPY_PHASE_STRIP = NO;
				DEBUG_INFORMATION_FORMAT = "dwarf-with-dsym";
				DEVELOPMENT_TEAM = WFZJ6KSYCZ;
				ENABLE_NS_ASSERTIONS = NO;
				ENABLE_STRICT_OBJC_MSGSEND = YES;
				ENABLE_USER_SCRIPT_SANDBOXING = YES;
				GCC_C_LANGUAGE_STANDARD = gnu17;
				GCC_NO_COMMON_BLOCKS = YES;
				GCC_WARN_64_TO_32_BIT_CONVERSION = YES;
				GCC_WARN_ABOUT_RETURN_TYPE = YES_ERROR;
				GCC_WARN_UNDECLARED_SELECTOR = YES;
				GCC_WARN_UNINITIALIZED_AUTOS = YES_AGGRESSIVE;
				GCC_WARN_UNUSED_FUNCTION = YES;
				GCC_WARN_UNUSED_VARIABLE = YES;
				LOCALIZATION_PREFERS_STRING_CATALOGS = YES;
				MACOSX_DEPLOYMENT_TARGET = 15.5;
				MTL_ENABLE_DEBUG_INFO = NO;
				MTL_FAST_MATH = YES;
				SDKROOT = macosx;
				SWIFT_COMPILATION_MODE = wholemodule;
			};
			name = Release;
		};
		6451312B2E48127E0011E325 /* Debug */ = {
			isa = XCBuildConfiguration;
			buildSettings = {
				ASSETCATALOG_COMPILER_APPICON_NAME = AppIcon;
				ASSETCATALOG_COMPILER_GLOBAL_ACCENT_COLOR_NAME = AccentColor;
				CODE_SIGN_ENTITLEMENTS = weaver/weaver.entitlements;
				CODE_SIGN_STYLE = Automatic;
				COMBINE_HIDPI_IMAGES = YES;
				CURRENT_PROJECT_VERSION = 2;
				DEVELOPMENT_TEAM = WFZJ6KSYCZ;
				ENABLE_HARDENED_RUNTIME = YES;
				ENABLE_PREVIEWS = YES;
				GENERATE_INFOPLIST_FILE = YES;
				INFOPLIST_KEY_NSHumanReadableCopyright = "";
				INFOPLIST_KEY_SUFeedURL = https://github.com/jack-chaudier/weaver/releases/latest/download/appcast.xml;
				INFOPLIST_KEY_SUPublicEDKey = 49Y7gkuCsIQ2rQwyZzDrO7EsFu8uqQleHhWi145IcD4=;
				LD_RUNPATH_SEARCH_PATHS = (
					"$(inherited)",
					"@executable_path/../Frameworks",
				);
				MARKETING_VERSION = 1.0.1;
				PRODUCT_BUNDLE_IDENTIFIER = "jack-chaudier.weaver";
				PRODUCT_NAME = "$(TARGET_NAME)";
				REGISTER_APP_GROUPS = YES;
				SWIFT_EMIT_LOC_STRINGS = YES;
				SWIFT_VERSION = 5.0;
			};
			name = Debug;
		};
		6451312C2E48127E0011E325 /* Release */ = {
			isa = XCBuildConfiguration;
			buildSettings = {
				ASSETCATALOG_COMPILER_APPICON_NAME = AppIcon;
				ASSETCATALOG_COMPILER_GLOBAL_ACCENT_COLOR_NAME = AccentColor;
				CODE_SIGN_ENTITLEMENTS = weaver/weaver.entitlements;
				CODE_SIGN_STYLE = Automatic;
				COMBINE_HIDPI_IMAGES = YES;
				CURRENT_PROJECT_VERSION = 2;
				DEVELOPMENT_TEAM = WFZJ6KSYCZ;
				ENABLE_HARDENED_RUNTIME = YES;
				ENABLE_PREVIEWS = YES;
				GENERATE_INFOPLIST_FILE = YES;
				INFOPLIST_KEY_NSHumanReadableCopyright = "";
				INFOPLIST_KEY_SUFeedURL = https://github.com/jack-chaudier/weaver/releases/latest/download/appcast.xml;
				INFOPLIST_KEY_SUPublicEDKey = 49Y7gkuCsIQ2rQwyZzDrO7EsFu8uqQleHhWi145IcD4=;
				LD_RUNPATH_SEARCH_PATHS = (
					"$(inherited)",
					"@executable_path/../Frameworks",
				);
				MARKETING_VERSION = 1.0.1;
				PRODUCT_BUNDLE_IDENTIFIER = "jack-chaudier.weaver";
				PRODUCT_NAME = "$(TARGET_NAME)";
				REGISTER_APP_GROUPS = YES;
				SWIFT_EMIT_LOC_STRINGS = YES;
				SWIFT_VERSION = 5.0;
			};
			name = Release;
		};
		6451312E2E48127E0011E325 /* Debug */ = {
			isa = XCBuildConfiguration;
			buildSettings = {
				BUNDLE_LOADER = "$(TEST_HOST)";
				CODE_SIGN_STYLE = Automatic;
				CURRENT_PROJECT_VERSION = 1;
				DEVELOPMENT_TEAM = WFZJ6KSYCZ;
				GENERATE_INFOPLIST_FILE = YES;
				MACOSX_DEPLOYMENT_TARGET = 15.5;
				MARKETING_VERSION = 1.0;
				PRODUCT_BUNDLE_IDENTIFIER = "jack-chaudier.weaverTests";
				PRODUCT_NAME = "$(TARGET_NAME)";
				SWIFT_EMIT_LOC_STRINGS = NO;
				SWIFT_VERSION = 5.0;
				TEST_HOST = "$(BUILT_PRODUCTS_DIR)/weaver.app/$(BUNDLE_EXECUTABLE_FOLDER_PATH)/weaver";
			};
			name = Debug;
		};
		6451312F2E48127E0011E325 /* Release */ = {
			isa = XCBuildConfiguration;
			buildSettings = {
				BUNDLE_LOADER = "$(TEST_HOST)";
				CODE_SIGN_STYLE = Automatic;
				CURRENT_PROJECT_VERSION = 1;
				DEVELOPMENT_TEAM = WFZJ6KSYCZ;
				GENERATE_INFOPLIST_FILE = YES;
				MACOSX_DEPLOYMENT_TARGET = 15.5;
				MARKETING_VERSION = 1.0;
				PRODUCT_BUNDLE_IDENTIFIER = "jack-chaudier.weaverTests";
				PRODUCT_NAME = "$(TARGET_NAME)";
				SWIFT_EMIT_LOC_STRINGS = NO;
				SWIFT_VERSION = 5.0;
				TEST_HOST = "$(BUILT_PRODUCTS_DIR)/weaver.app/$(BUNDLE_EXECUTABLE_FOLDER_PATH)/weaver";
			};
			name = Release;
		};
		645131312E48127E0011E325 /* Debug */ = {
			isa = XCBuildConfiguration;
			buildSettings = {
				CODE_SIGN_STYLE = Automatic;
				CURRENT_PROJECT_VERSION = 1;
				DEVELOPMENT_TEAM = WFZJ6KSYCZ;
				GENERATE_INFOPLIST_FILE = YES;
				MARKETING_VERSION = 1.0;
				PRODUCT_BUNDLE_IDENTIFIER = "jack-chaudier.weaverUITests";
				PRODUCT_NAME = "$(TARGET_NAME)";
				SWIFT_EMIT_LOC_STRINGS = NO;
				SWIFT_VERSION = 5.0;
				TEST_TARGET_NAME = weaver;
			};
			name = Debug;
		};
		645131322E48127E0011E325 /* Release */ = {
			isa = XCBuildConfiguration;
			buildSettings = {
				CODE_SIGN_STYLE = Automatic;
				CURRENT_PROJECT_VERSION = 1;
				DEVELOPMENT_TEAM = WFZJ6KSYCZ;
				GENERATE_INFOPLIST_FILE = YES;
				MARKETING_VERSION = 1.0;
				PRODUCT_BUNDLE_IDENTIFIER = "jack-chaudier.weaverUITests";
				PRODUCT_NAME = "$(TARGET_NAME)";
				SWIFT_EMIT_LOC_STRINGS = NO;
				SWIFT_VERSION = 5.0;
				TEST_TARGET_NAME = weaver;
			};
			name = Release;
		};
/* End XCBuildConfiguration section */

/* Begin XCConfigurationList section */
		645131032E48127C0011E325 /* Build configuration list for PBXProject "weaver" */ = {
			isa = XCConfigurationList;
			buildConfigurations = (
				645131282E48127E0011E325 /* Debug */,
				645131292E48127E0011E325 /* Release */,
			);
			defaultConfigurationIsVisible = 0;
			defaultConfigurationName = Release;
		};
		6451312A2E48127E0011E325 /* Build configuration list for PBXNativeTarget "weaver" */ = {
			isa = XCConfigurationList;
			buildConfigurations = (
				6451312B2E48127E0011E325 /* Debug */,
				6451312C2E48127E0011E325 /* Release */,
			);
			defaultConfigurationIsVisible = 0;
			defaultConfigurationName = Release;
		};
		6451312D2E48127E0011E325 /* Build configuration list for PBXNativeTarget "weaverTests" */ = {
			isa = XCConfigurationList;
			buildConfigurations = (
				6451312E2E48127E0011E325 /* Debug */,
				6451312F2E48127E0011E325 /* Release */,
			);
			defaultConfigurationIsVisible = 0;
			defaultConfigurationName = Release;
		};
		645131302E48127E0011E325 /* Build configuration list for PBXNativeTarget "weaverUITests" */ = {
			isa = XCConfigurationList;
			buildConfigurations = (
				645131312E48127E0011E325 /* Debug */,
				645131322E48127E0011E325 /* Release */,
			);
			defaultConfigurationIsVisible = 0;
			defaultConfigurationName = Release;
		};
/* End XCConfigurationList section */

/* Begin XCRemoteSwiftPackageReference section */
		64A2FFF22E500AAA00000002 /* XCRemoteSwiftPackageReference "Sparkle" */ = {
			isa = XCRemoteSwiftPackageReference;
			repositoryURL = "https://github.com/sparkle-project/Sparkle";
			requirement = {
				kind = upToNextMajorVersion;
				minimumVersion = 2.6.0;
			};
		};
/* End XCRemoteSwiftPackageReference section */

/* Begin XCSwiftPackageProductDependency section */
		64A2FFF32E500AAA00000003 /* Sparkle */ = {
			isa = XCSwiftPackageProductDependency;
			package = 64A2FFF22E500AAA00000002 /* XCRemoteSwiftPackageReference "Sparkle" */;
			productName = Sparkle;
		};
/* End XCSwiftPackageProductDependency section */
	};
	rootObject = 645131002E48127C0011E325 /* Project object */;
}
